
Microsoft Visual Studio Solution File, Format Version 12.00
# Visual Studio Version 17
VisualStudioVersion = 17.2.32630.192
MinimumVisualStudioVersion = 10.0.40219.1
Project("{9A19103F-16F7-4668-BE54-9A1E7A4F7556}") = "OneHitObliterator", "OneHitObliterator.csproj", "{DDA7BB56-C3B2-467E-97D8-C8FF96F7F975}"
EndProject
Global
	GlobalSection(SolutionConfigurationPlatforms) = preSolution
		Debug|Any CPU = Debug|Any CPU
		Release|Any CPU = Release|Any CPU
	EndGlobalSection
	GlobalSection(ProjectConfigurationPlatforms) = postSolution
		{DDA7BB56-C3B2-467E-97D8-C8FF96F7F975}.Debug|Any CPU.ActiveCfg = Debug|Any CPU
		{DDA7BB56-C3B2-467E-97D8-C8FF96F7F975}.Debug|Any CPU.Build.0 = Debug|Any CPU
		{DDA7BB56-C3B2-467E-97D8-C8FF96F7F975}.Release|Any CPU.ActiveCfg = Release|Any CPU
		{DDA7BB56-C3B2-467E-97D8-C8FF96F7F975}.Release|Any CPU.Build.0 = Release|Any CPU
	EndGlobalSection
	GlobalSection(SolutionProperties) = preSolution
		HideSolutionNode = FALSE
	EndGlobalSection
	GlobalSection(ExtensibilityGlobals) = postSolution
		SolutionGuid = {EA8AEC40-6724-470A-825F-D756FE3DBE87}
	EndGlobalSection
EndGlobal
